
Microsoft Visual Studio Solution File, Format Version 12.00
# Visual Studio 15
Project("{FAE04EC0-301F-11D3-BF4B-00C04F79EFBC}") = "Assembly-CSharp", "Assembly-CSharp.csproj", "{59DB117C-D148-CB94-B5FB-CF1B72EEB635}"
EndProject
Project("{FAE04EC0-301F-11D3-BF4B-00C04F79EFBC}") = "Assembly-CSharp-Editor", "Assembly-CSharp-Editor.csproj", "{C03A9038-A6CE-1987-B603-1DBBFA12AEA0}"
EndProject
Global
	GlobalSection(SolutionConfigurationPlatforms) = preSolution
		Debug|Any CPU = Debug|Any CPU
		Release|Any CPU = Release|Any CPU
	EndGlobalSection
	GlobalSection(ProjectConfigurationPlatforms) = postSolution
		{59DB117C-D148-CB94-B5FB-CF1B72EEB635}.Debug|Any CPU.ActiveCfg = Debug|Any CPU
		{59DB117C-D148-CB94-B5FB-CF1B72EEB635}.Debug|Any CPU.Build.0 = Debug|Any CPU
		{59DB117C-D148-CB94-B5FB-CF1B72EEB635}.Release|Any CPU.ActiveCfg = Release|Any CPU
		{59DB117C-D148-CB94-B5FB-CF1B72EEB635}.Release|Any CPU.Build.0 = Release|Any CPU
		{C03A9038-A6CE-1987-B603-1DBBFA12AEA0}.Debug|Any CPU.ActiveCfg = Debug|Any CPU
		{C03A9038-A6CE-1987-B603-1DBBFA12AEA0}.Debug|Any CPU.Build.0 = Debug|Any CPU
		{C03A9038-A6CE-1987-B603-1DBBFA12AEA0}.Release|Any CPU.ActiveCfg = Release|Any CPU
		{C03A9038-A6CE-1987-B603-1DBBFA12AEA0}.Release|Any CPU.Build.0 = Release|Any CPU
	EndGlobalSection
	GlobalSection(SolutionProperties) = preSolution
		HideSolutionNode = FALSE
	EndGlobalSection
EndGlobal
